
Microsoft Visual Studio Solution File, Format Version 12.00
# Visual Studio 2013
VisualStudioVersion = 12.0.21005.1
MinimumVisualStudioVersion = 10.0.40219.1
Project("{FAE04EC0-301F-11D3-BF4B-00C04F79EFBC}") = "封装数据库访问类(反射+配置文件+ADO+模型类)", "封装数据库访问类(反射+配置文件+ADO+模型类)\封装数据库访问类(反射+配置文件+ADO+模型类).csproj", "{B25BD6CA-EE1F-4197-936E-5BF8C7CFB5B0}"
EndProject
Global
	GlobalSection(SolutionConfigurationPlatforms) = preSolution
		Debug|Any CPU = Debug|Any CPU
		Release|Any CPU = Release|Any CPU
	EndGlobalSection
	GlobalSection(ProjectConfigurationPlatforms) = postSolution
		{B25BD6CA-EE1F-4197-936E-5BF8C7CFB5B0}.Debug|Any CPU.ActiveCfg = Debug|Any CPU
		{B25BD6CA-EE1F-4197-936E-5BF8C7CFB5B0}.Debug|Any CPU.Build.0 = Debug|Any CPU
		{B25BD6CA-EE1F-4197-936E-5BF8C7CFB5B0}.Release|Any CPU.ActiveCfg = Release|Any CPU
		{B25BD6CA-EE1F-4197-936E-5BF8C7CFB5B0}.Release|Any CPU.Build.0 = Release|Any CPU
	EndGlobalSection
	GlobalSection(SolutionProperties) = preSolution
		HideSolutionNode = FALSE
	EndGlobalSection
EndGlobal
