
Microsoft Visual Studio Solution File, Format Version 12.00
# Visual Studio 2013
VisualStudioVersion = 12.0.21005.1
MinimumVisualStudioVersion = 10.0.40219.1
Project("{FAE04EC0-301F-11D3-BF4B-00C04F79EFBC}") = "学生Score", "学生Score\学生Score.csproj", "{21F78F58-B457-4A1F-8C7A-3ACA882DE011}"
EndProject
Global
	GlobalSection(SolutionConfigurationPlatforms) = preSolution
		Debug|Any CPU = Debug|Any CPU
		Release|Any CPU = Release|Any CPU
	EndGlobalSection
	GlobalSection(ProjectConfigurationPlatforms) = postSolution
		{21F78F58-B457-4A1F-8C7A-3ACA882DE011}.Debug|Any CPU.ActiveCfg = Debug|Any CPU
		{21F78F58-B457-4A1F-8C7A-3ACA882DE011}.Debug|Any CPU.Build.0 = Debug|Any CPU
		{21F78F58-B457-4A1F-8C7A-3ACA882DE011}.Release|Any CPU.ActiveCfg = Release|Any CPU
		{21F78F58-B457-4A1F-8C7A-3ACA882DE011}.Release|Any CPU.Build.0 = Release|Any CPU
	EndGlobalSection
	GlobalSection(SolutionProperties) = preSolution
		HideSolutionNode = FALSE
	EndGlobalSection
EndGlobal
