
Microsoft Visual Studio Solution File, Format Version 12.00
# Visual Studio 2013
VisualStudioVersion = 12.0.40629.0
MinimumVisualStudioVersion = 10.0.40219.1
Project("{FAE04EC0-301F-11D3-BF4B-00C04F79EFBC}") = "百钱百鸡", "百钱百鸡\百钱百鸡.csproj", "{D708755A-352D-4E86-A470-14AB0B308BAE}"
EndProject
Global
	GlobalSection(SolutionConfigurationPlatforms) = preSolution
		Debug|Any CPU = Debug|Any CPU
		Release|Any CPU = Release|Any CPU
	EndGlobalSection
	GlobalSection(ProjectConfigurationPlatforms) = postSolution
		{D708755A-352D-4E86-A470-14AB0B308BAE}.Debug|Any CPU.ActiveCfg = Debug|Any CPU
		{D708755A-352D-4E86-A470-14AB0B308BAE}.Debug|Any CPU.Build.0 = Debug|Any CPU
		{D708755A-352D-4E86-A470-14AB0B308BAE}.Release|Any CPU.ActiveCfg = Release|Any CPU
		{D708755A-352D-4E86-A470-14AB0B308BAE}.Release|Any CPU.Build.0 = Release|Any CPU
	EndGlobalSection
	GlobalSection(SolutionProperties) = preSolution
		HideSolutionNode = FALSE
	EndGlobalSection
EndGlobal
