
Microsoft Visual Studio Solution File, Format Version 12.00
# Visual Studio 15
VisualStudioVersion = 15.0.26430.14
MinimumVisualStudioVersion = 10.0.40219.1
Project("{FAE04EC0-301F-11D3-BF4B-00C04F79EFBC}") = "DAL", "DAL\DAL.csproj", "{675F6FFF-DBDE-4B8E-A7F6-C2BDE53951A7}"
EndProject
Project("{FAE04EC0-301F-11D3-BF4B-00C04F79EFBC}") = "Model", "Model\Model.csproj", "{7BF414E0-7C83-4C86-A7F9-91BEC1F89D36}"
EndProject
Project("{FAE04EC0-301F-11D3-BF4B-00C04F79EFBC}") = "UI", "UI\UI.csproj", "{3FED67FF-F846-423B-9ABB-F1F4AB2CA73D}"
EndProject
Project("{FAE04EC0-301F-11D3-BF4B-00C04F79EFBC}") = "BLL", "BLL\BLL.csproj", "{B658FDB7-EF7A-40D5-830D-B29166B44D1F}"
EndProject
Global
	GlobalSection(SolutionConfigurationPlatforms) = preSolution
		Debug|Any CPU = Debug|Any CPU
		Release|Any CPU = Release|Any CPU
	EndGlobalSection
	GlobalSection(ProjectConfigurationPlatforms) = postSolution
		{675F6FFF-DBDE-4B8E-A7F6-C2BDE53951A7}.Debug|Any CPU.ActiveCfg = Debug|Any CPU
		{675F6FFF-DBDE-4B8E-A7F6-C2BDE53951A7}.Debug|Any CPU.Build.0 = Debug|Any CPU
		{675F6FFF-DBDE-4B8E-A7F6-C2BDE53951A7}.Release|Any CPU.ActiveCfg = Release|Any CPU
		{675F6FFF-DBDE-4B8E-A7F6-C2BDE53951A7}.Release|Any CPU.Build.0 = Release|Any CPU
		{7BF414E0-7C83-4C86-A7F9-91BEC1F89D36}.Debug|Any CPU.ActiveCfg = Debug|Any CPU
		{7BF414E0-7C83-4C86-A7F9-91BEC1F89D36}.Debug|Any CPU.Build.0 = Debug|Any CPU
		{7BF414E0-7C83-4C86-A7F9-91BEC1F89D36}.Release|Any CPU.ActiveCfg = Release|Any CPU
		{7BF414E0-7C83-4C86-A7F9-91BEC1F89D36}.Release|Any CPU.Build.0 = Release|Any CPU
		{3FED67FF-F846-423B-9ABB-F1F4AB2CA73D}.Debug|Any CPU.ActiveCfg = Debug|Any CPU
		{3FED67FF-F846-423B-9ABB-F1F4AB2CA73D}.Debug|Any CPU.Build.0 = Debug|Any CPU
		{3FED67FF-F846-423B-9ABB-F1F4AB2CA73D}.Release|Any CPU.ActiveCfg = Release|Any CPU
		{3FED67FF-F846-423B-9ABB-F1F4AB2CA73D}.Release|Any CPU.Build.0 = Release|Any CPU
		{B658FDB7-EF7A-40D5-830D-B29166B44D1F}.Debug|Any CPU.ActiveCfg = Debug|Any CPU
		{B658FDB7-EF7A-40D5-830D-B29166B44D1F}.Debug|Any CPU.Build.0 = Debug|Any CPU
		{B658FDB7-EF7A-40D5-830D-B29166B44D1F}.Release|Any CPU.ActiveCfg = Release|Any CPU
		{B658FDB7-EF7A-40D5-830D-B29166B44D1F}.Release|Any CPU.Build.0 = Release|Any CPU
	EndGlobalSection
	GlobalSection(SolutionProperties) = preSolution
		HideSolutionNode = FALSE
	EndGlobalSection
EndGlobal
